// !$*UTF8*$!
{
	archiveVersion = 1;
	classes = {
	};
	objectVersion = 55;
	objects = {

/* Begin PBXBuildFile section */
		7F7C910E6B03EF4179D673D7 /* Pods_parstagram_parstagramUITests.framework in Frameworks */ = {isa = PBXBuildFile; fileRef = A5DE1C3F463F40846FD0DDDC /* Pods_parstagram_parstagramUITests.framework */; };
		92BC10906C01B3979D1579B1 /* Pods_parstagramTests.framework in Frameworks */ = {isa = PBXBuildFile; fileRef = 3B19737FCD92FD4E21F0D508 /* Pods_parstagramTests.framework */; };
		9B27A60F27D598240068A35A /* AppDelegate.swift in Sources */ = {isa = PBXBuildFile; fileRef = 9B27A60E27D598240068A35A /* AppDelegate.swift */; };
		9B27A61127D598240068A35A /* SceneDelegate.swift in Sources */ = {isa = PBXBuildFile; fileRef = 9B27A61027D598240068A35A /* SceneDelegate.swift */; };
		9B27A61627D598240068A35A /* Main.storyboard in Resources */ = {isa = PBXBuildFile; fileRef = 9B27A61427D598240068A35A /* Main.storyboard */; };
		9B27A61827D598250068A35A /* Assets.xcassets in Resources */ = {isa = PBXBuildFile; fileRef = 9B27A61727D598250068A35A /* Assets.xcassets */; };
		9B27A61B27D598250068A35A /* LaunchScreen.storyboard in Resources */ = {isa = PBXBuildFile; fileRef = 9B27A61927D598250068A35A /* LaunchScreen.storyboard */; };
		9B27A62627D598250068A35A /* parstagramTests.swift in Sources */ = {isa = PBXBuildFile; fileRef = 9B27A62527D598250068A35A /* parstagramTests.swift */; };
		9B27A63027D598250068A35A /* parstagramUITests.swift in Sources */ = {isa = PBXBuildFile; fileRef = 9B27A62F27D598250068A35A /* parstagramUITests.swift */; };
		9B27A63227D598250068A35A /* parstagramUITestsLaunchTests.swift in Sources */ = {isa = PBXBuildFile; fileRef = 9B27A63127D598250068A35A /* parstagramUITestsLaunchTests.swift */; };
		9B27A63F27D59E510068A35A /* LoginViewController.swift in Sources */ = {isa = PBXBuildFile; fileRef = 9B27A63E27D59E510068A35A /* LoginViewController.swift */; };
		9B27A64127D59E600068A35A /* FeedViewController.swift in Sources */ = {isa = PBXBuildFile; fileRef = 9B27A64027D59E600068A35A /* FeedViewController.swift */; };
		9B27A64327D5A42A0068A35A /* CameraViewController.swift in Sources */ = {isa = PBXBuildFile; fileRef = 9B27A64227D5A42A0068A35A /* CameraViewController.swift */; };
		9B27A64527D711910068A35A /* PostCell.swift in Sources */ = {isa = PBXBuildFile; fileRef = 9B27A64427D711910068A35A /* PostCell.swift */; };
		B0A30D71105084E0E328BD1A /* Pods_parstagram.framework in Frameworks */ = {isa = PBXBuildFile; fileRef = E89C4D89D7705D0A75DD9DBD /* Pods_parstagram.framework */; };
/* End PBXBuildFile section */

/* Begin PBXContainerItemProxy section */
		9B27A62227D598250068A35A /* PBXContainerItemProxy */ = {
			isa = PBXContainerItemProxy;
			containerPortal = 9B27A60327D598240068A35A /* Project object */;
			proxyType = 1;
			remoteGlobalIDString = 9B27A60A27D598240068A35A;
			remoteInfo = parstagram;
		};
		9B27A62C27D598250068A35A /* PBXContainerItemProxy */ = {
			isa = PBXContainerItemProxy;
			containerPortal = 9B27A60327D598240068A35A /* Project object */;
			proxyType = 1;
			remoteGlobalIDString = 9B27A60A27D598240068A35A;
			remoteInfo = parstagram;
		};
/* End PBXContainerItemProxy section */

/* Begin PBXFileReference section */
		1A95F1BA3CB8460A40A4CBE8 /* Pods-parstagram-parstagramUITests.debug.xcconfig */ = {isa = PBXFileReference; includeInIndex = 1; lastKnownFileType = text.xcconfig; name = "Pods-parstagram-parstagramUITests.debug.xcconfig"; path = "Target Support Files/Pods-parstagram-parstagramUITests/Pods-parstagram-parstagramUITests.debug.xcconfig"; sourceTree = "<group>"; };
		3B19737FCD92FD4E21F0D508 /* Pods_parstagramTests.framework */ = {isa = PBXFileReference; explicitFileType = wrapper.framework; includeInIndex = 0; path = Pods_parstagramTests.framework; sourceTree = BUILT_PRODUCTS_DIR; };
		4CCFC4F24D4308D5DAA40B5F /* Pods-parstagramTests.debug.xcconfig */ = {isa = PBXFileReference; includeInIndex = 1; lastKnownFileType = text.xcconfig; name = "Pods-parstagramTests.debug.xcconfig"; path = "Target Support Files/Pods-parstagramTests/Pods-parstagramTests.debug.xcconfig"; sourceTree = "<group>"; };
		5D88083226255058FA3FFF33 /* Pods-parstagram-parstagramUITests.release.xcconfig */ = {isa = PBXFileReference; includeInIndex = 1; lastKnownFileType = text.xcconfig; name = "Pods-parstagram-parstagramUITests.release.xcconfig"; path = "Target Support Files/Pods-parstagram-parstagramUITests/Pods-parstagram-parstagramUITests.release.xcconfig"; sourceTree = "<group>"; };
		8F1CC9E432EF0E771B3259B5 /* Pods-parstagram.release.xcconfig */ = {isa = PBXFileReference; includeInIndex = 1; lastKnownFileType = text.xcconfig; name = "Pods-parstagram.release.xcconfig"; path = "Target Support Files/Pods-parstagram/Pods-parstagram.release.xcconfig"; sourceTree = "<group>"; };
		98A55EDA82066C539C617F36 /* Pods-parstagram.debug.xcconfig */ = {isa = PBXFileReference; includeInIndex = 1; lastKnownFileType = text.xcconfig; name = "Pods-parstagram.debug.xcconfig"; path = "Target Support Files/Pods-parstagram/Pods-parstagram.debug.xcconfig"; sourceTree = "<group>"; };
		9B27A60B27D598240068A35A /* parstagram.app */ = {isa = PBXFileReference; explicitFileType = wrapper.application; includeInIndex = 0; path = parstagram.app; sourceTree = BUILT_PRODUCTS_DIR; };
		9B27A60E27D598240068A35A /* AppDelegate.swift */ = {isa = PBXFileReference; lastKnownFileType = sourcecode.swift; path = AppDelegate.swift; sourceTree = "<group>"; };
		9B27A61027D598240068A35A /* SceneDelegate.swift */ = {isa = PBXFileReference; lastKnownFileType = sourcecode.swift; path = SceneDelegate.swift; sourceTree = "<group>"; };
		9B27A61527D598240068A35A /* Base */ = {isa = PBXFileReference; lastKnownFileType = file.storyboard; name = Base; path = Base.lproj/Main.storyboard; sourceTree = "<group>"; };
		9B27A61727D598250068A35A /* Assets.xcassets */ = {isa = PBXFileReference; lastKnownFileType = folder.assetcatalog; path = Assets.xcassets; sourceTree = "<group>"; };
		9B27A61A27D598250068A35A /* Base */ = {isa = PBXFileReference; lastKnownFileType = file.storyboard; name = Base; path = Base.lproj/LaunchScreen.storyboard; sourceTree = "<group>"; };
		9B27A61C27D598250068A35A /* Info.plist */ = {isa = PBXFileReference; lastKnownFileType = text.plist.xml; path = Info.plist; sourceTree = "<group>"; };
		9B27A62127D598250068A35A /* parstagramTests.xctest */ = {isa = PBXFileReference; explicitFileType = wrapper.cfbundle; includeInIndex = 0; path = parstagramTests.xctest; sourceTree = BUILT_PRODUCTS_DIR; };
		9B27A62527D598250068A35A /* parstagramTests.swift */ = {isa = PBXFileReference; lastKnownFileType = sourcecode.swift; path = parstagramTests.swift; sourceTree = "<group>"; };
		9B27A62B27D598250068A35A /* parstagramUITests.xctest */ = {isa = PBXFileReference; explicitFileType = wrapper.cfbundle; includeInIndex = 0; path = parstagramUITests.xctest; sourceTree = BUILT_PRODUCTS_DIR; };
		9B27A62F27D598250068A35A /* parstagramUITests.swift */ = {isa = PBXFileReference; lastKnownFileType = sourcecode.swift; path = parstagramUITests.swift; sourceTree = "<group>"; };
		9B27A63127D598250068A35A /* parstagramUITestsLaunchTests.swift */ = {isa = PBXFileReference; lastKnownFileType = sourcecode.swift; path = parstagramUITestsLaunchTests.swift; sourceTree = "<group>"; };
		9B27A63E27D59E510068A35A /* LoginViewController.swift */ = {isa = PBXFileReference; lastKnownFileType = sourcecode.swift; path = LoginViewController.swift; sourceTree = "<group>"; };
		9B27A64027D59E600068A35A /* FeedViewController.swift */ = {isa = PBXFileReference; lastKnownFileType = sourcecode.swift; path = FeedViewController.swift; sourceTree = "<group>"; };
		9B27A64227D5A42A0068A35A /* CameraViewController.swift */ = {isa = PBXFileReference; lastKnownFileType = sourcecode.swift; path = CameraViewController.swift; sourceTree = "<group>"; };
		9B27A64427D711910068A35A /* PostCell.swift */ = {isa = PBXFileReference; lastKnownFileType = sourcecode.swift; path = PostCell.swift; sourceTree = "<group>"; };
		A5DE1C3F463F40846FD0DDDC /* Pods_parstagram_parstagramUITests.framework */ = {isa = PBXFileReference; explicitFileType = wrapper.framework; includeInIndex = 0; path = Pods_parstagram_parstagramUITests.framework; sourceTree = BUILT_PRODUCTS_DIR; };
		B308AAA047D7984A09EE08E3 /* Pods-parstagramTests.release.xcconfig */ = {isa = PBXFileReference; includeInIndex = 1; lastKnownFileType = text.xcconfig; name = "Pods-parstagramTests.release.xcconfig"; path = "Target Support Files/Pods-parstagramTests/Pods-parstagramTests.release.xcconfig"; sourceTree = "<group>"; };
		E89C4D89D7705D0A75DD9DBD /* Pods_parstagram.framework */ = {isa = PBXFileReference; explicitFileType = wrapper.framework; includeInIndex = 0; path = Pods_parstagram.framework; sourceTree = BUILT_PRODUCTS_DIR; };
/* End PBXFileReference section */

/* Begin PBXFrameworksBuildPhase section */
		9B27A60827D598240068A35A /* Frameworks */ = {
			isa = PBXFrameworksBuildPhase;
			buildActionMask = 2147483647;
			files = (
				B0A30D71105084E0E328BD1A /* Pods_parstagram.framework in Frameworks */,
			);
			runOnlyForDeploymentPostprocessing = 0;
		};
		9B27A61E27D598250068A35A /* Frameworks */ = {
			isa = PBXFrameworksBuildPhase;
			buildActionMask = 2147483647;
			files = (
				92BC10906C01B3979D1579B1 /* Pods_parstagramTests.framework in Frameworks */,
			);
			runOnlyForDeploymentPostprocessing = 0;
		};
		9B27A62827D598250068A35A /* Frameworks */ = {
			isa = PBXFrameworksBuildPhase;
			buildActionMask = 2147483647;
			files = (
				7F7C910E6B03EF4179D673D7 /* Pods_parstagram_parstagramUITests.framework in Frameworks */,
			);
			runOnlyForDeploymentPostprocessing = 0;
		};
/* End PBXFrameworksBuildPhase section */

/* Begin PBXGroup section */
		503AEF05EDE06A2B5B6FE8BD /* Pods */ = {
			isa = PBXGroup;
			children = (
				98A55EDA82066C539C617F36 /* Pods-parstagram.debug.xcconfig */,
				8F1CC9E432EF0E771B3259B5 /* Pods-parstagram.release.xcconfig */,
				1A95F1BA3CB8460A40A4CBE8 /* Pods-parstagram-parstagramUITests.debug.xcconfig */,
				5D88083226255058FA3FFF33 /* Pods-parstagram-parstagramUITests.release.xcconfig */,
				4CCFC4F24D4308D5DAA40B5F /* Pods-parstagramTests.debug.xcconfig */,
				B308AAA047D7984A09EE08E3 /* Pods-parstagramTests.release.xcconfig */,
			);
			path = Pods;
			sourceTree = "<group>";
		};
		53A4232DD55E7DF6844F247D /* Frameworks */ = {
			isa = PBXGroup;
			children = (
				E89C4D89D7705D0A75DD9DBD /* Pods_parstagram.framework */,
				A5DE1C3F463F40846FD0DDDC /* Pods_parstagram_parstagramUITests.framework */,
				3B19737FCD92FD4E21F0D508 /* Pods_parstagramTests.framework */,
			);
			name = Frameworks;
			sourceTree = "<group>";
		};
		9B27A60227D598240068A35A = {
			isa = PBXGroup;
			children = (
				9B27A60D27D598240068A35A /* parstagram */,
				9B27A62427D598250068A35A /* parstagramTests */,
				9B27A62E27D598250068A35A /* parstagramUITests */,
				9B27A60C27D598240068A35A /* Products */,
				503AEF05EDE06A2B5B6FE8BD /* Pods */,
				53A4232DD55E7DF6844F247D /* Frameworks */,
			);
			sourceTree = "<group>";
		};
		9B27A60C27D598240068A35A /* Products */ = {
			isa = PBXGroup;
			children = (
				9B27A60B27D598240068A35A /* parstagram.app */,
				9B27A62127D598250068A35A /* parstagramTests.xctest */,
				9B27A62B27D598250068A35A /* parstagramUITests.xctest */,
			);
			name = Products;
			sourceTree = "<group>";
		};
		9B27A60D27D598240068A35A /* parstagram */ = {
			isa = PBXGroup;
			children = (
				9B27A60E27D598240068A35A /* AppDelegate.swift */,
				9B27A61027D598240068A35A /* SceneDelegate.swift */,
				9B27A61427D598240068A35A /* Main.storyboard */,
				9B27A61727D598250068A35A /* Assets.xcassets */,
				9B27A61927D598250068A35A /* LaunchScreen.storyboard */,
				9B27A61C27D598250068A35A /* Info.plist */,
				9B27A63E27D59E510068A35A /* LoginViewController.swift */,
				9B27A64027D59E600068A35A /* FeedViewController.swift */,
				9B27A64227D5A42A0068A35A /* CameraViewController.swift */,
				9B27A64427D711910068A35A /* PostCell.swift */,
			);
			path = parstagram;
			sourceTree = "<group>";
		};
		9B27A62427D598250068A35A /* parstagramTests */ = {
			isa = PBXGroup;
			children = (
				9B27A62527D598250068A35A /* parstagramTests.swift */,
			);
			path = parstagramTests;
			sourceTree = "<group>";
		};
		9B27A62E27D598250068A35A /* parstagramUITests */ = {
			isa = PBXGroup;
			children = (
				9B27A62F27D598250068A35A /* parstagramUITests.swift */,
				9B27A63127D598250068A35A /* parstagramUITestsLaunchTests.swift */,
			);
			path = parstagramUITests;
			sourceTree = "<group>";
		};
/* End PBXGroup section */

/* Begin PBXNativeTarget section */
		9B27A60A27D598240068A35A /* parstagram */ = {
			isa = PBXNativeTarget;
			buildConfigurationList = 9B27A63527D598250068A35A /* Build configuration list for PBXNativeTarget "parstagram" */;
			buildPhases = (
				07CA524EF872F3C6F8A2CA30 /* [CP] Check Pods Manifest.lock */,
				9B27A60727D598240068A35A /* Sources */,
				9B27A60827D598240068A35A /* Frameworks */,
				9B27A60927D598240068A35A /* Resources */,
				D42AB2660B494FFC00FAD672 /* [CP] Embed Pods Frameworks */,
			);
			buildRules = (
			);
			dependencies = (
			);
			name = parstagram;
			productName = parstagram;
			productReference = 9B27A60B27D598240068A35A /* parstagram.app */;
			productType = "com.apple.product-type.application";
		};
		9B27A62027D598250068A35A /* parstagramTests */ = {
			isa = PBXNativeTarget;
			buildConfigurationList = 9B27A63827D598250068A35A /* Build configuration list for PBXNativeTarget "parstagramTests" */;
			buildPhases = (
				B5DE0F7AA71A196E04871BFC /* [CP] Check Pods Manifest.lock */,
				9B27A61D27D598250068A35A /* Sources */,
				9B27A61E27D598250068A35A /* Frameworks */,
				9B27A61F27D598250068A35A /* Resources */,
			);
			buildRules = (
			);
			dependencies = (
				9B27A62327D598250068A35A /* PBXTargetDependency */,
			);
			name = parstagramTests;
			productName = parstagramTests;
			productReference = 9B27A62127D598250068A35A /* parstagramTests.xctest */;
			productType = "com.apple.product-type.bundle.unit-test";
		};
		9B27A62A27D598250068A35A /* parstagramUITests */ = {
			isa = PBXNativeTarget;
			buildConfigurationList = 9B27A63B27D598250068A35A /* Build configuration list for PBXNativeTarget "parstagramUITests" */;
			buildPhases = (
				A5C12596221F2BCEBB7EB2E4 /* [CP] Check Pods Manifest.lock */,
				9B27A62727D598250068A35A /* Sources */,
				9B27A62827D598250068A35A /* Frameworks */,
				9B27A62927D598250068A35A /* Resources */,
				EE4F7C753FD6A90D69EEAA7D /* [CP] Embed Pods Frameworks */,
			);
			buildRules = (
			);
			dependencies = (
				9B27A62D27D598250068A35A /* PBXTargetDependency */,
			);
			name = parstagramUITests;
			productName = parstagramUITests;
			productReference = 9B27A62B27D598250068A35A /* parstagramUITests.xctest */;
			productType = "com.apple.product-type.bundle.ui-testing";
		};
/* End PBXNativeTarget section */

/* Begin PBXProject section */
		9B27A60327D598240068A35A /* Project object */ = {
			isa = PBXProject;
			attributes = {
				BuildIndependentTargetsInParallel = 1;
				LastSwiftUpdateCheck = 1320;
				LastUpgradeCheck = 1320;
				TargetAttributes = {
					9B27A60A27D598240068A35A = {
						CreatedOnToolsVersion = 13.2.1;
					};
					9B27A62027D598250068A35A = {
						CreatedOnToolsVersion = 13.2.1;
						TestTargetID = 9B27A60A27D598240068A35A;
					};
					9B27A62A27D598250068A35A = {
						CreatedOnToolsVersion = 13.2.1;
						TestTargetID = 9B27A60A27D598240068A35A;
					};
				};
			};
			buildConfigurationList = 9B27A60627D598240068A35A /* Build configuration list for PBXProject "parstagram" */;
			compatibilityVersion = "Xcode 13.0";
			developmentRegion = en;
			hasScannedForEncodings = 0;
			knownRegions = (
				en,
				Base,
			);
			mainGroup = 9B27A60227D598240068A35A;
			productRefGroup = 9B27A60C27D598240068A35A /* Products */;
			projectDirPath = "";
			projectRoot = "";
			targets = (
				9B27A60A27D598240068A35A /* parstagram */,
				9B27A62027D598250068A35A /* parstagramTests */,
				9B27A62A27D598250068A35A /* parstagramUITests */,
			);
		};
/* End PBXProject section */

/* Begin PBXResourcesBuildPhase section */
		9B27A60927D598240068A35A /* Resources */ = {
			isa = PBXResourcesBuildPhase;
			buildActionMask = 2147483647;
			files = (
				9B27A61B27D598250068A35A /* LaunchScreen.storyboard in Resources */,
				9B27A61827D598250068A35A /* Assets.xcassets in Resources */,
				9B27A61627D598240068A35A /* Main.storyboard in Resources */,
			);
			runOnlyForDeploymentPostprocessing = 0;
		};
		9B27A61F27D598250068A35A /* Resources */ = {
			isa = PBXResourcesBuildPhase;
			buildActionMask = 2147483647;
			files = (
			);
			runOnlyForDeploymentPostprocessing = 0;
		};
		9B27A62927D598250068A35A /* Resources */ = {
			isa = PBXResourcesBuildPhase;
			buildActionMask = 2147483647;
			files = (
			);
			runOnlyForDeploymentPostprocessing = 0;
		};
/* End PBXResourcesBuildPhase section */

/* Begin PBXShellScriptBuildPhase section */
		07CA524EF872F3C6F8A2CA30 /* [CP] Check Pods Manifest.lock */ = {
			isa = PBXShellScriptBuildPhase;
			buildActionMask = 2147483647;
			files = (
			);
			inputFileListPaths = (
			);
			inputPaths = (
				"${PODS_PODFILE_DIR_PATH}/Podfile.lock",
				"${PODS_ROOT}/Manifest.lock",
			);
			name = "[CP] Check Pods Manifest.lock";
			outputFileListPaths = (
			);
			outputPaths = (
				"$(DERIVED_FILE_DIR)/Pods-parstagram-checkManifestLockResult.txt",
			);
			runOnlyForDeploymentPostprocessing = 0;
			shellPath = /bin/sh;
			shellScript = "diff \"${PODS_PODFILE_DIR_PATH}/Podfile.lock\" \"${PODS_ROOT}/Manifest.lock\" > /dev/null\nif [ $? != 0 ] ; then\n    # print error to STDERR\n    echo \"error: The sandbox is not in sync with the Podfile.lock. Run 'pod install' or update your CocoaPods installation.\" >&2\n    exit 1\nfi\n# This output is used by Xcode 'outputs' to avoid re-running this script phase.\necho \"SUCCESS\" > \"${SCRIPT_OUTPUT_FILE_0}\"\n";
			showEnvVarsInLog = 0;
		};
		A5C12596221F2BCEBB7EB2E4 /* [CP] Check Pods Manifest.lock */ = {
			isa = PBXShellScriptBuildPhase;
			buildActionMask = 2147483647;
			files = (
			);
			inputFileListPaths = (
			);
			inputPaths = (
				"${PODS_PODFILE_DIR_PATH}/Podfile.lock",
				"${PODS_ROOT}/Manifest.lock",
			);
			name = "[CP] Check Pods Manifest.lock";
			outputFileListPaths = (
			);
			outputPaths = (
				"$(DERIVED_FILE_DIR)/Pods-parstagram-parstagramUITests-checkManifestLockResult.txt",
			);
			runOnlyForDeploymentPostprocessing = 0;
			shellPath = /bin/sh;
			shellScript = "diff \"${PODS_PODFILE_DIR_PATH}/Podfile.lock\" \"${PODS_ROOT}/Manifest.lock\" > /dev/null\nif [ $? != 0 ] ; then\n    # print error to STDERR\n    echo \"error: The sandbox is not in sync with the Podfile.lock. Run 'pod install' or update your CocoaPods installation.\" >&2\n    exit 1\nfi\n# This output is used by Xcode 'outputs' to avoid re-running this script phase.\necho \"SUCCESS\" > \"${SCRIPT_OUTPUT_FILE_0}\"\n";
			showEnvVarsInLog = 0;
		};
		B5DE0F7AA71A196E04871BFC /* [CP] Check Pods Manifest.lock */ = {
			isa = PBXShellScriptBuildPhase;
			buildActionMask = 2147483647;
			files = (
			);
			inputFileListPaths = (
			);
			inputPaths = (
				"${PODS_PODFILE_DIR_PATH}/Podfile.lock",
				"${PODS_ROOT}/Manifest.lock",
			);
			name = "[CP] Check Pods Manifest.lock";
			outputFileListPaths = (
			);
			outputPaths = (
				"$(DERIVED_FILE_DIR)/Pods-parstagramTests-checkManifestLockResult.txt",
			);
			runOnlyForDeploymentPostprocessing = 0;
			shellPath = /bin/sh;
			shellScript = "diff \"${PODS_PODFILE_DIR_PATH}/Podfile.lock\" \"${PODS_ROOT}/Manifest.lock\" > /dev/null\nif [ $? != 0 ] ; then\n    # print error to STDERR\n    echo \"error: The sandbox is not in sync with the Podfile.lock. Run 'pod install' or update your CocoaPods installation.\" >&2\n    exit 1\nfi\n# This output is used by Xcode 'outputs' to avoid re-running this script phase.\necho \"SUCCESS\" > \"${SCRIPT_OUTPUT_FILE_0}\"\n";
			showEnvVarsInLog = 0;
		};
		D42AB2660B494FFC00FAD672 /* [CP] Embed Pods Frameworks */ = {
			isa = PBXShellScriptBuildPhase;
			buildActionMask = 2147483647;
			files = (
			);
			inputFileListPaths = (
				"${PODS_ROOT}/Target Support Files/Pods-parstagram/Pods-parstagram-frameworks-${CONFIGURATION}-input-files.xcfilelist",
			);
			name = "[CP] Embed Pods Frameworks";
			outputFileListPaths = (
				"${PODS_ROOT}/Target Support Files/Pods-parstagram/Pods-parstagram-frameworks-${CONFIGURATION}-output-files.xcfilelist",
			);
			runOnlyForDeploymentPostprocessing = 0;
			shellPath = /bin/sh;
			shellScript = "\"${PODS_ROOT}/Target Support Files/Pods-parstagram/Pods-parstagram-frameworks.sh\"\n";
			showEnvVarsInLog = 0;
		};
		EE4F7C753FD6A90D69EEAA7D /* [CP] Embed Pods Frameworks */ = {
			isa = PBXShellScriptBuildPhase;
			buildActionMask = 2147483647;
			files = (
			);
			inputFileListPaths = (
				"${PODS_ROOT}/Target Support Files/Pods-parstagram-parstagramUITests/Pods-parstagram-parstagramUITests-frameworks-${CONFIGURATION}-input-files.xcfilelist",
			);
			name = "[CP] Embed Pods Frameworks";
			outputFileListPaths = (
				"${PODS_ROOT}/Target Support Files/Pods-parstagram-parstagramUITests/Pods-parstagram-parstagramUITests-frameworks-${CONFIGURATION}-output-files.xcfilelist",
			);
			runOnlyForDeploymentPostprocessing = 0;
			shellPath = /bin/sh;
			shellScript = "\"${PODS_ROOT}/Target Support Files/Pods-parstagram-parstagramUITests/Pods-parstagram-parstagramUITests-frameworks.sh\"\n";
			showEnvVarsInLog = 0;
		};
/* End PBXShellScriptBuildPhase section */

/* Begin PBXSourcesBuildPhase section */
		9B27A60727D598240068A35A /* Sources */ = {
			isa = PBXSourcesBuildPhase;
			buildActionMask = 2147483647;
			files = (
				9B27A63F27D59E510068A35A /* LoginViewController.swift in Sources */,
				9B27A64327D5A42A0068A35A /* CameraViewController.swift in Sources */,
				9B27A60F27D598240068A35A /* AppDelegate.swift in Sources */,
				9B27A64127D59E600068A35A /* FeedViewController.swift in Sources */,
				9B27A61127D598240068A35A /* SceneDelegate.swift in Sources */,
				9B27A64527D711910068A35A /* PostCell.swift in Sources */,
			);
			runOnlyForDeploymentPostprocessing = 0;
		};
		9B27A61D27D598250068A35A /* Sources */ = {
			isa = PBXSourcesBuildPhase;
			buildActionMask = 2147483647;
			files = (
				9B27A62627D598250068A35A /* parstagramTests.swift in Sources */,
			);
			runOnlyForDeploymentPostprocessing = 0;
		};
		9B27A62727D598250068A35A /* Sources */ = {
			isa = PBXSourcesBuildPhase;
			buildActionMask = 2147483647;
			files = (
				9B27A63227D598250068A35A /* parstagramUITestsLaunchTests.swift in Sources */,
				9B27A63027D598250068A35A /* parstagramUITests.swift in Sources */,
			);
			runOnlyForDeploymentPostprocessing = 0;
		};
/* End PBXSourcesBuildPhase section */

/* Begin PBXTargetDependency section */
		9B27A62327D598250068A35A /* PBXTargetDependency */ = {
			isa = PBXTargetDependency;
			target = 9B27A60A27D598240068A35A /* parstagram */;
			targetProxy = 9B27A62227D598250068A35A /* PBXContainerItemProxy */;
		};
		9B27A62D27D598250068A35A /* PBXTargetDependency */ = {
			isa = PBXTargetDependency;
			target = 9B27A60A27D598240068A35A /* parstagram */;
			targetProxy = 9B27A62C27D598250068A35A /* PBXContainerItemProxy */;
		};
/* End PBXTargetDependency section */

/* Begin PBXVariantGroup section */
		9B27A61427D598240068A35A /* Main.storyboard */ = {
			isa = PBXVariantGroup;
			children = (
				9B27A61527D598240068A35A /* Base */,
			);
			name = Main.storyboard;
			sourceTree = "<group>";
		};
		9B27A61927D598250068A35A /* LaunchScreen.storyboard */ = {
			isa = PBXVariantGroup;
			children = (
				9B27A61A27D598250068A35A /* Base */,
			);
			name = LaunchScreen.storyboard;
			sourceTree = "<group>";
		};
/* End PBXVariantGroup section */

/* Begin XCBuildConfiguration section */
		9B27A63327D598250068A35A /* Debug */ = {
			isa = XCBuildConfiguration;
			buildSettings = {
				ALWAYS_SEARCH_USER_PATHS = NO;
				CLANG_ANALYZER_NONNULL = YES;
				CLANG_ANALYZER_NUMBER_OBJECT_CONVERSION = YES_AGGRESSIVE;
				CLANG_CXX_LANGUAGE_STANDARD = "gnu++17";
				CLANG_CXX_LIBRARY = "libc++";
				CLANG_ENABLE_MODULES = YES;
				CLANG_ENABLE_OBJC_ARC = YES;
				CLANG_ENABLE_OBJC_WEAK = YES;
				CLANG_WARN_BLOCK_CAPTURE_AUTORELEASING = YES;
				CLANG_WARN_BOOL_CONVERSION = YES;
				CLANG_WARN_COMMA = YES;
				CLANG_WARN_CONSTANT_CONVERSION = YES;
				CLANG_WARN_DEPRECATED_OBJC_IMPLEMENTATIONS = YES;
				CLANG_WARN_DIRECT_OBJC_ISA_USAGE = YES_ERROR;
				CLANG_WARN_DOCUMENTATION_COMMENTS = YES;
				CLANG_WARN_EMPTY_BODY = YES;
				CLANG_WARN_ENUM_CONVERSION = YES;
				CLANG_WARN_INFINITE_RECURSION = YES;
				CLANG_WARN_INT_CONVERSION = YES;
				CLANG_WARN_NON_LITERAL_NULL_CONVERSION = YES;
				CLANG_WARN_OBJC_IMPLICIT_RETAIN_SELF = YES;
				CLANG_WARN_OBJC_LITERAL_CONVERSION = YES;
				CLANG_WARN_OBJC_ROOT_CLASS = YES_ERROR;
				CLANG_WARN_QUOTED_INCLUDE_IN_FRAMEWORK_HEADER = YES;
				CLANG_WARN_RANGE_LOOP_ANALYSIS = YES;
				CLANG_WARN_STRICT_PROTOTYPES = YES;
				CLANG_WARN_SUSPICIOUS_MOVE = YES;
				CLANG_WARN_UNGUARDED_AVAILABILITY = YES_AGGRESSIVE;
				CLANG_WARN_UNREACHABLE_CODE = YES;
				CLANG_WARN__DUPLICATE_METHOD_MATCH = YES;
				COPY_PHASE_STRIP = NO;
				DEBUG_INFORMATION_FORMAT = dwarf;
				ENABLE_STRICT_OBJC_MSGSEND = YES;
				ENABLE_TESTABILITY = YES;
				GCC_C_LANGUAGE_STANDARD = gnu11;
				GCC_DYNAMIC_NO_PIC = NO;
				GCC_NO_COMMON_BLOCKS = YES;
				GCC_OPTIMIZATION_LEVEL = 0;
				GCC_PREPROCESSOR_DEFINITIONS = (
					"DEBUG=1",
					"$(inherited)",
				);
				GCC_WARN_64_TO_32_BIT_CONVERSION = YES;
				GCC_WARN_ABOUT_RETURN_TYPE = YES_ERROR;
				GCC_WARN_UNDECLARED_SELECTOR = YES;
				GCC_WARN_UNINITIALIZED_AUTOS = YES_AGGRESSIVE;
				GCC_WARN_UNUSED_FUNCTION = YES;
				GCC_WARN_UNUSED_VARIABLE = YES;
				IPHONEOS_DEPLOYMENT_TARGET = 15.2;
				MTL_ENABLE_DEBUG_INFO = INCLUDE_SOURCE;
				MTL_FAST_MATH = YES;
				ONLY_ACTIVE_ARCH = YES;
				SDKROOT = iphoneos;
				SWIFT_ACTIVE_COMPILATION_CONDITIONS = DEBUG;
				SWIFT_OPTIMIZATION_LEVEL = "-Onone";
			};
			name = Debug;
		};
		9B27A63427D598250068A35A /* Release */ = {
			isa = XCBuildConfiguration;
			buildSettings = {
				ALWAYS_SEARCH_USER_PATHS = NO;
				CLANG_ANALYZER_NONNULL = YES;
				CLANG_ANALYZER_NUMBER_OBJECT_CONVERSION = YES_AGGRESSIVE;
				CLANG_CXX_LANGUAGE_STANDARD = "gnu++17";
				CLANG_CXX_LIBRARY = "libc++";
				CLANG_ENABLE_MODULES = YES;
				CLANG_ENABLE_OBJC_ARC = YES;
				CLANG_ENABLE_OBJC_WEAK = YES;
				CLANG_WARN_BLOCK_CAPTURE_AUTORELEASING = YES;
				CLANG_WARN_BOOL_CONVERSION = YES;
				CLANG_WARN_COMMA = YES;
				CLANG_WARN_CONSTANT_CONVERSION = YES;
				CLANG_WARN_DEPRECATED_OBJC_IMPLEMENTATIONS = YES;
				CLANG_WARN_DIRECT_OBJC_ISA_USAGE = YES_ERROR;
				CLANG_WARN_DOCUMENTATION_COMMENTS = YES;
				CLANG_WARN_EMPTY_BODY = YES;
				CLANG_WARN_ENUM_CONVERSION = YES;
				CLANG_WARN_INFINITE_RECURSION = YES;
				CLANG_WARN_INT_CONVERSION = YES;
				CLANG_WARN_NON_LITERAL_NULL_CONVERSION = YES;
				CLANG_WARN_OBJC_IMPLICIT_RETAIN_SELF = YES;
				CLANG_WARN_OBJC_LITERAL_CONVERSION = YES;
				CLANG_WARN_OBJC_ROOT_CLASS = YES_ERROR;
				CLANG_WARN_QUOTED_INCLUDE_IN_FRAMEWORK_HEADER = YES;
				CLANG_WARN_RANGE_LOOP_ANALYSIS = YES;
				CLANG_WARN_STRICT_PROTOTYPES = YES;
				CLANG_WARN_SUSPICIOUS_MOVE = YES;
				CLANG_WARN_UNGUARDED_AVAILABILITY = YES_AGGRESSIVE;
				CLANG_WARN_UNREACHABLE_CODE = YES;
				CLANG_WARN__DUPLICATE_METHOD_MATCH = YES;
				COPY_PHASE_STRIP = NO;
				DEBUG_INFORMATION_FORMAT = "dwarf-with-dsym";
				ENABLE_NS_ASSERTIONS = NO;
				ENABLE_STRICT_OBJC_MSGSEND = YES;
				GCC_C_LANGUAGE_STANDARD = gnu11;
				GCC_NO_COMMON_BLOCKS = YES;
				GCC_WARN_64_TO_32_BIT_CONVERSION = YES;
				GCC_WARN_ABOUT_RETURN_TYPE = YES_ERROR;
				GCC_WARN_UNDECLARED_SELECTOR = YES;
				GCC_WARN_UNINITIALIZED_AUTOS = YES_AGGRESSIVE;
				GCC_WARN_UNUSED_FUNCTION = YES;
				GCC_WARN_UNUSED_VARIABLE = YES;
				IPHONEOS_DEPLOYMENT_TARGET = 15.2;
				MTL_ENABLE_DEBUG_INFO = NO;
				MTL_FAST_MATH = YES;
				SDKROOT = iphoneos;
				SWIFT_COMPILATION_MODE = wholemodule;
				SWIFT_OPTIMIZATION_LEVEL = "-O";
				VALIDATE_PRODUCT = YES;
			};
			name = Release;
		};
		9B27A63627D598250068A35A /* Debug */ = {
			isa = XCBuildConfiguration;
			baseConfigurationReference = 98A55EDA82066C539C617F36 /* Pods-parstagram.debug.xcconfig */;
			buildSettings = {
				ASSETCATALOG_COMPILER_APPICON_NAME = AppIcon;
				ASSETCATALOG_COMPILER_GLOBAL_ACCENT_COLOR_NAME = AccentColor;
				CODE_SIGN_STYLE = Automatic;
				CURRENT_PROJECT_VERSION = 1;
				DEVELOPMENT_TEAM = D934NGY9K3;
				GENERATE_INFOPLIST_FILE = YES;
				INFOPLIST_FILE = parstagram/Info.plist;
				INFOPLIST_KEY_UIApplicationSupportsIndirectInputEvents = YES;
				INFOPLIST_KEY_UILaunchStoryboardName = LaunchScreen;
				INFOPLIST_KEY_UIMainStoryboardFile = Main;
				INFOPLIST_KEY_UISupportedInterfaceOrientations_iPad = "UIInterfaceOrientationPortrait UIInterfaceOrientationPortraitUpsideDown UIInterfaceOrientationLandscapeLeft UIInterfaceOrientationLandscapeRight";
				INFOPLIST_KEY_UISupportedInterfaceOrientations_iPhone = "UIInterfaceOrientationPortrait UIInterfaceOrientationLandscapeLeft UIInterfaceOrientationLandscapeRight";
				LD_RUNPATH_SEARCH_PATHS = (
					"$(inherited)",
					"@executable_path/Frameworks",
				);
				MARKETING_VERSION = 1.0;
				PRODUCT_BUNDLE_IDENTIFIER = com.richfrank.parstagram;
				PRODUCT_NAME = "$(TARGET_NAME)";
				SWIFT_EMIT_LOC_STRINGS = YES;
				SWIFT_VERSION = 5.0;
				TARGETED_DEVICE_FAMILY = "1,2";
			};
			name = Debug;
		};
		9B27A63727D598250068A35A /* Release */ = {
			isa = XCBuildConfiguration;
			baseConfigurationReference = 8F1CC9E432EF0E771B3259B5 /* Pods-parstagram.release.xcconfig */;
			buildSettings = {
				ASSETCATALOG_COMPILER_APPICON_NAME = AppIcon;
				ASSETCATALOG_COMPILER_GLOBAL_ACCENT_COLOR_NAME = AccentColor;
				CODE_SIGN_STYLE = Automatic;
				CURRENT_PROJECT_VERSION = 1;
				DEVELOPMENT_TEAM = D934NGY9K3;
				GENERATE_INFOPLIST_FILE = YES;
				INFOPLIST_FILE = parstagram/Info.plist;
				INFOPLIST_KEY_UIApplicationSupportsIndirectInputEvents = YES;
				INFOPLIST_KEY_UILaunchStoryboardName = LaunchScreen;
				INFOPLIST_KEY_UIMainStoryboardFile = Main;
				INFOPLIST_KEY_UISupportedInterfaceOrientations_iPad = "UIInterfaceOrientationPortrait UIInterfaceOrientationPortraitUpsideDown UIInterfaceOrientationLandscapeLeft UIInterfaceOrientationLandscapeRight";
				INFOPLIST_KEY_UISupportedInterfaceOrientations_iPhone = "UIInterfaceOrientationPortrait UIInterfaceOrientationLandscapeLeft UIInterfaceOrientationLandscapeRight";
				LD_RUNPATH_SEARCH_PATHS = (
					"$(inherited)",
					"@executable_path/Frameworks",
				);
				MARKETING_VERSION = 1.0;
				PRODUCT_BUNDLE_IDENTIFIER = com.richfrank.parstagram;
				PRODUCT_NAME = "$(TARGET_NAME)";
				SWIFT_EMIT_LOC_STRINGS = YES;
				SWIFT_VERSION = 5.0;
				TARGETED_DEVICE_FAMILY = "1,2";
			};
			name = Release;
		};
		9B27A63927D598250068A35A /* Debug */ = {
			isa = XCBuildConfiguration;
			baseConfigurationReference = 4CCFC4F24D4308D5DAA40B5F /* Pods-parstagramTests.debug.xcconfig */;
			buildSettings = {
				ALWAYS_EMBED_SWIFT_STANDARD_LIBRARIES = YES;
				BUNDLE_LOADER = "$(TEST_HOST)";
				CODE_SIGN_STYLE = Automatic;
				CURRENT_PROJECT_VERSION = 1;
				DEVELOPMENT_TEAM = D934NGY9K3;
				GENERATE_INFOPLIST_FILE = YES;
				IPHONEOS_DEPLOYMENT_TARGET = 15.2;
				MARKETING_VERSION = 1.0;
				PRODUCT_BUNDLE_IDENTIFIER = com.richfrank.parstagramTests;
				PRODUCT_NAME = "$(TARGET_NAME)";
				SWIFT_EMIT_LOC_STRINGS = NO;
				SWIFT_VERSION = 5.0;
				TARGETED_DEVICE_FAMILY = "1,2";
				TEST_HOST = "$(BUILT_PRODUCTS_DIR)/parstagram.app/parstagram";
			};
			name = Debug;
		};
		9B27A63A27D598250068A35A /* Release */ = {
			isa = XCBuildConfiguration;
			baseConfigurationReference = B308AAA047D7984A09EE08E3 /* Pods-parstagramTests.release.xcconfig */;
			buildSettings = {
				ALWAYS_EMBED_SWIFT_STANDARD_LIBRARIES = YES;
				BUNDLE_LOADER = "$(TEST_HOST)";
				CODE_SIGN_STYLE = Automatic;
				CURRENT_PROJECT_VERSION = 1;
				DEVELOPMENT_TEAM = D934NGY9K3;
				GENERATE_INFOPLIST_FILE = YES;
				IPHONEOS_DEPLOYMENT_TARGET = 15.2;
				MARKETING_VERSION = 1.0;
				PRODUCT_BUNDLE_IDENTIFIER = com.richfrank.parstagramTests;
				PRODUCT_NAME = "$(TARGET_NAME)";
				SWIFT_EMIT_LOC_STRINGS = NO;
				SWIFT_VERSION = 5.0;
				TARGETED_DEVICE_FAMILY = "1,2";
				TEST_HOST = "$(BUILT_PRODUCTS_DIR)/parstagram.app/parstagram";
			};
			name = Release;
		};
		9B27A63C27D598250068A35A /* Debug */ = {
			isa = XCBuildConfiguration;
			baseConfigurationReference = 1A95F1BA3CB8460A40A4CBE8 /* Pods-parstagram-parstagramUITests.debug.xcconfig */;
			buildSettings = {
				ALWAYS_EMBED_SWIFT_STANDARD_LIBRARIES = YES;
				CODE_SIGN_STYLE = Automatic;
				CURRENT_PROJECT_VERSION = 1;
				DEVELOPMENT_TEAM = D934NGY9K3;
				GENERATE_INFOPLIST_FILE = YES;
				MARKETING_VERSION = 1.0;
				PRODUCT_BUNDLE_IDENTIFIER = com.richfrank.parstagramUITests;
				PRODUCT_NAME = "$(TARGET_NAME)";
				SWIFT_EMIT_LOC_STRINGS = NO;
				SWIFT_VERSION = 5.0;
				TARGETED_DEVICE_FAMILY = "1,2";
				TEST_TARGET_NAME = parstagram;
			};
			name = Debug;
		};
		9B27A63D27D598250068A35A /* Release */ = {
			isa = XCBuildConfiguration;
			baseConfigurationReference = 5D88083226255058FA3FFF33 /* Pods-parstagram-parstagramUITests.release.xcconfig */;
			buildSettings = {
				ALWAYS_EMBED_SWIFT_STANDARD_LIBRARIES = YES;
				CODE_SIGN_STYLE = Automatic;
				CURRENT_PROJECT_VERSION = 1;
				DEVELOPMENT_TEAM = D934NGY9K3;
				GENERATE_INFOPLIST_FILE = YES;
				MARKETING_VERSION = 1.0;
				PRODUCT_BUNDLE_IDENTIFIER = com.richfrank.parstagramUITests;
				PRODUCT_NAME = "$(TARGET_NAME)";
				SWIFT_EMIT_LOC_STRINGS = NO;
				SWIFT_VERSION = 5.0;
				TARGETED_DEVICE_FAMILY = "1,2";
				TEST_TARGET_NAME = parstagram;
			};
			name = Release;
		};
/* End XCBuildConfiguration section */

/* Begin XCConfigurationList section */
		9B27A60627D598240068A35A /* Build configuration list for PBXProject "parstagram" */ = {
			isa = XCConfigurationList;
			buildConfigurations = (
				9B27A63327D598250068A35A /* Debug */,
				9B27A63427D598250068A35A /* Release */,
			);
			defaultConfigurationIsVisible = 0;
			defaultConfigurationName = Release;
		};
		9B27A63527D598250068A35A /* Build configuration list for PBXNativeTarget "parstagram" */ = {
			isa = XCConfigurationList;
			buildConfigurations = (
				9B27A63627D598250068A35A /* Debug */,
				9B27A63727D598250068A35A /* Release */,
			);
			defaultConfigurationIsVisible = 0;
			defaultConfigurationName = Release;
		};
		9B27A63827D598250068A35A /* Build configuration list for PBXNativeTarget "parstagramTests" */ = {
			isa = XCConfigurationList;
			buildConfigurations = (
				9B27A63927D598250068A35A /* Debug */,
				9B27A63A27D598250068A35A /* Release */,
			);
			defaultConfigurationIsVisible = 0;
			defaultConfigurationName = Release;
		};
		9B27A63B27D598250068A35A /* Build configuration list for PBXNativeTarget "parstagramUITests" */ = {
			isa = XCConfigurationList;
			buildConfigurations = (
				9B27A63C27D598250068A35A /* Debug */,
				9B27A63D27D598250068A35A /* Release */,
			);
			defaultConfigurationIsVisible = 0;
			defaultConfigurationName = Release;
		};
/* End XCConfigurationList section */
	};
	rootObject = 9B27A60327D598240068A35A /* Project object */;
}
